# THIS IS AN AUTOGENERATED FILE. DO NOT EDIT THIS FILE DIRECTLY.
# yarn lockfile v1


"@expo/react-native-action-sheet@^3.6.0":
  version "3.9.0"
  resolved "https://registry.yarnpkg.com/@expo/react-native-action-sheet/-/react-native-action-sheet-3.9.0.tgz#6f94f21fc1948e473589adb28cc4db7e48cee5bf"
  integrity sha512-SCduO7QHhDMP/MCicWfYERcDMNfP0tirymj/MLEvYC/OWAT/28GUzSoxlQXjhtH+b9lVoJfmh45kwSY0ExPsXQ==
  dependencies:
    "@types/hoist-non-react-statics" "^3.3.1"
    hoist-non-react-statics "^3.3.0"

"@types/hoist-non-react-statics@^3.3.1":
  version "3.3.1"
  resolved "https://registry.yarnpkg.com/@types/hoist-non-react-statics/-/hoist-non-react-statics-3.3.1.tgz#1124aafe5118cb591977aeb1ceaaed1070eb039f"
  integrity sha512-iMIqiko6ooLrTh1joXodJK5X9xeEALT1kM5G3ZLhD3hszxBdIEd5C75U834D9mLcINgD4OyZf5uQXjkuYydWvA==
  dependencies:
    "@types/react" "*"
    hoist-non-react-statics "^3.3.0"

"@types/prop-types@*":
  version "15.7.3"
  resolved "https://registry.yarnpkg.com/@types/prop-types/-/prop-types-15.7.3.tgz#2ab0d5da2e5815f94b0b9d4b95d1e5f243ab2ca7"
  integrity sha512-KfRL3PuHmqQLOG+2tGpRO26Ctg+Cq1E01D2DMriKEATHgWLfeNDmq9e29Q9WIky0dQ3NPkd1mzYH8Lm936Z9qw==

"@types/react@*":
  version "17.0.6"
  resolved "https://registry.yarnpkg.com/@types/react/-/react-17.0.6.tgz#0ec564566302c562bf497d73219797a5e0297013"
  integrity sha512-u/TtPoF/hrvb63LdukET6ncaplYsvCvmkceasx8oG84/ZCsoLxz9Z/raPBP4lTAiWW1Jb889Y9svHmv8R26dWw==
  dependencies:
    "@types/prop-types" "*"
    "@types/scheduler" "*"
    csstype "^3.0.2"

"@types/scheduler@*":
  version "0.16.1"
  resolved "https://registry.yarnpkg.com/@types/scheduler/-/scheduler-0.16.1.tgz#18845205e86ff0038517aab7a18a62a6b9f71275"
  integrity sha512-EaCxbanVeyxDRTQBkdLb3Bvl/HK7PBK6UJjsSixB0iHKoWxE5uu2Q/DgtpOhPIojN0Zl1whvOd7PoHs2P0s5eA==

csstype@^3.0.2:
  version "3.0.8"
  resolved "https://registry.yarnpkg.com/csstype/-/csstype-3.0.8.tgz#d2266a792729fb227cd216fb572f43728e1ad340"
  integrity sha512-jXKhWqXPmlUeoQnF/EhTtTl4C9SnrxSH/jZUih3jmO6lBKr99rP3/+FmrMj4EFpOXzMtXHAZkd3x0E6h6Fgflw==

dayjs@^1.8.26:
  version "1.10.4"
  resolved "https://registry.yarnpkg.com/dayjs/-/dayjs-1.10.4.tgz#8e544a9b8683f61783f570980a8a80eaf54ab1e2"
  integrity sha512-RI/Hh4kqRc1UKLOAf/T5zdMMX5DQIlDxwUe3wSyMMnEbGunnpENCdbUgM+dW7kXidZqCttBrmw7BhN4TMddkCw==

hoist-non-react-statics@^3.3.0:
  version "3.3.2"
  resolved "https://registry.yarnpkg.com/hoist-non-react-statics/-/hoist-non-react-statics-3.3.2.tgz#ece0acaf71d62c2969c2ec59feff42a4b1a85b45"
  integrity sha512-/gGivxi8JPKWNm/W0jSmzcMPpfpPLc3dY/6GxhX2hQ9iGj3aDfklV4ET7NjKpSinLpJ5vafa9iiGIEZg10SfBw==
  dependencies:
    react-is "^16.7.0"

"js-tokens@^3.0.0 || ^4.0.0":
  version "4.0.0"
  resolved "https://registry.yarnpkg.com/js-tokens/-/js-tokens-4.0.0.tgz#19203fb59991df98e3a287050d4647cdeaf32499"
  integrity sha512-RdJUflcE3cUzKiMqQgsCu06FPu9UdIJO0beYbPhHN4k6apgJtifcoCtT9bcxOpYBtpD2kCM6Sbzg4CausW/PKQ==

loose-envify@^1.4.0:
  version "1.4.0"
  resolved "https://registry.yarnpkg.com/loose-envify/-/loose-envify-1.4.0.tgz#71ee51fa7be4caec1a63839f7e682d8132d30caf"
  integrity sha512-lyuxPGr/Wfhrlem2CL/UcnUc1zcqKAImBDzukY7Y5F/yQiNdko6+fRLevlw1HgMySw7f611UIY408EtxRSoK3Q==
  dependencies:
    js-tokens "^3.0.0 || ^4.0.0"

object-assign@^4.1.1:
  version "4.1.1"
  resolved "https://registry.yarnpkg.com/object-assign/-/object-assign-4.1.1.tgz#2109adc7965887cfc05cbbd442cac8bfbb360863"
  integrity sha1-IQmtx5ZYh8/AXLvUQsrIv7s2CGM=

prop-types@^15.7.2, prop-types@^15.7.x:
  version "15.7.2"
  resolved "https://registry.yarnpkg.com/prop-types/-/prop-types-15.7.2.tgz#52c41e75b8c87e72b9d9360e0206b99dcbffa6c5"
  integrity sha512-8QQikdH7//R2vurIJSutZ1smHYTcLpRWEOlHnzcWHmBYrOGUysKwSsrC89BCiFj3CbrfJ/nXFdJepOVrY1GCHQ==
  dependencies:
    loose-envify "^1.4.0"
    object-assign "^4.1.1"
    react-is "^16.8.1"

react-is@^16.7.0, react-is@^16.8.1:
  version "16.13.1"
  resolved "https://registry.yarnpkg.com/react-is/-/react-is-16.13.1.tgz#789729a4dc36de2999dc156dd6c1d9c18cea56a4"
  integrity sha512-24e6ynE2H+OKt4kqsOvNd8kBpV65zoxbA4BVsEOB3ARVWQki/DHzaUoC5KuON/BiccDaCCTZBuOcfZs70kR8bQ==

react-native-communications@^2.2.1:
  version "2.2.1"
  resolved "https://registry.yarnpkg.com/react-native-communications/-/react-native-communications-2.2.1.tgz#7883b56b20a002eeb790c113f8616ea8692ca795"
  integrity sha1-eIO1ayCgAu63kMET+GFuqGksp5U=

react-native-gifted-chat@^0.16.3:
  version "0.16.3"
  resolved "https://registry.yarnpkg.com/react-native-gifted-chat/-/react-native-gifted-chat-0.16.3.tgz#eea98290bfcf72b36d2aaf002edddd90353aa6ec"
  integrity sha512-7EJKQPzzg1yIbLFNq9n5bGJWZ7Woi2bTeT7M4EVSChmFF/qyNos+gFxEcafPkEihEeIxeOne6hBQlYNKmDABgA==
  dependencies:
    "@expo/react-native-action-sheet" "^3.6.0"
    dayjs "^1.8.26"
    prop-types "^15.7.2"
    react-native-communications "^2.2.1"
    react-native-iphone-x-helper "^1.2.1"
    react-native-lightbox "^0.8.1"
    react-native-parsed-text "0.0.22"
    react-native-typing-animation "^0.1.7"
    uuid "3.4.0"

react-native-iphone-x-helper@^1.2.1:
  version "1.3.1"
  resolved "https://registry.yarnpkg.com/react-native-iphone-x-helper/-/react-native-iphone-x-helper-1.3.1.tgz#20c603e9a0e765fd6f97396638bdeb0e5a60b010"
  integrity sha512-HOf0jzRnq2/aFUcdCJ9w9JGzN3gdEg0zFE4FyYlp4jtidqU03D5X7ZegGKfT1EWteR0gPBGp9ye5T5FvSWi9Yg==

react-native-lightbox@^0.8.1:
  version "0.8.1"
  resolved "https://registry.yarnpkg.com/react-native-lightbox/-/react-native-lightbox-0.8.1.tgz#4e561ec46e61617a0f3f12c88ec2695360998878"
  integrity sha512-TFZA6iKEEHpAUIXjMTRb6vx0/9rHgEKy3ZBiRAy295PwldYg5c8opwnbyURLIl522ykeqhVx9uGdXjSMIowLvA==
  dependencies:
    prop-types "^15.7.2"

react-native-parsed-text@0.0.22:
  version "0.0.22"
  resolved "https://registry.yarnpkg.com/react-native-parsed-text/-/react-native-parsed-text-0.0.22.tgz#a23c756eaa5d6724296814755085127f9072e5f5"
  integrity sha512-hfD83RDXZf9Fvth3DowR7j65fMnlqM9PpxZBGWkzVcUTFtqe6/yPcIoIAgrJbKn6YmtzkivmhWE2MCE4JKBXrQ==
  dependencies:
    prop-types "^15.7.x"

react-native-typing-animation@^0.1.7:
  version "0.1.7"
  resolved "https://registry.yarnpkg.com/react-native-typing-animation/-/react-native-typing-animation-0.1.7.tgz#8f2cf08d9400ae543a110292eb7d71523dda5528"
  integrity sha512-4H3rF9M+I2yAZpYJcY0Mb29TXkn98QK12rrKSY6LZj1BQD9NNmRZuNXzwX4XHapsIz+N/J8M3p27FOQPbfzqeg==

uuid@3.4.0:
  version "3.4.0"
  resolved "https://registry.yarnpkg.com/uuid/-/uuid-3.4.0.tgz#b23e4358afa8a202fe7a100af1f5f883f02007ee"
  integrity sha512-HjSDRw6gZE5JMggctHBcjVak08+KEVhSIiDzFnT9S9aegmp85S/bReBVTb4QTFaRNptJ9kuYaNhnbNEOkbKb/A==
